
Microsoft Visual Studio Solution File, Format Version 12.00
# Visual Studio Version 17
VisualStudioVersion = 17.11.35327.3
MinimumVisualStudioVersion = 10.0.40219.1
Project("{9A19103F-16F7-4668-BE54-9A1E7A4F7556}") = "Ex05_MVC", "Ex05_MVC.csproj", "{5E20AC3C-16BC-4B31-941C-1C41EEE71AA1}"
EndProject
Project("{FAE04EC0-301F-11D3-BF4B-00C04F79EFBC}") = "OrderTest", "..\OrderTest\OrderTest.csproj", "{F798095E-641E-4825-B0A7-04586DB9E8E7}"
EndProject
Global
	GlobalSection(SolutionConfigurationPlatforms) = preSolution
		Debug|Any CPU = Debug|Any CPU
		Release|Any CPU = Release|Any CPU
	EndGlobalSection
	GlobalSection(ProjectConfigurationPlatforms) = postSolution
		{5E20AC3C-16BC-4B31-941C-1C41EEE71AA1}.Debug|Any CPU.ActiveCfg = Debug|Any CPU
		{5E20AC3C-16BC-4B31-941C-1C41EEE71AA1}.Debug|Any CPU.Build.0 = Debug|Any CPU
		{5E20AC3C-16BC-4B31-941C-1C41EEE71AA1}.Release|Any CPU.ActiveCfg = Release|Any CPU
		{5E20AC3C-16BC-4B31-941C-1C41EEE71AA1}.Release|Any CPU.Build.0 = Release|Any CPU
		{F798095E-641E-4825-B0A7-04586DB9E8E7}.Debug|Any CPU.ActiveCfg = Debug|Any CPU
		{F798095E-641E-4825-B0A7-04586DB9E8E7}.Debug|Any CPU.Build.0 = Debug|Any CPU
		{F798095E-641E-4825-B0A7-04586DB9E8E7}.Release|Any CPU.ActiveCfg = Release|Any CPU
		{F798095E-641E-4825-B0A7-04586DB9E8E7}.Release|Any CPU.Build.0 = Release|Any CPU
	EndGlobalSection
	GlobalSection(SolutionProperties) = preSolution
		HideSolutionNode = FALSE
	EndGlobalSection
	GlobalSection(ExtensibilityGlobals) = postSolution
		SolutionGuid = {FBEFA786-B4BA-42B3-A529-F51BB456B39D}
	EndGlobalSection
EndGlobal
